
Microsoft Visual Studio Solution File, Format Version 12.00
# Visual Studio 15
VisualStudioVersion = 15.0.28307.645
MinimumVisualStudioVersion = 10.0.40219.1
Project("{FAE04EC0-301F-11D3-BF4B-00C04F79EFBC}") = "Account.PlugIns", "Account.PlugIns\Account.PlugIns.csproj", "{A49060F6-6A44-4045-8B67-25E0403FC5B9}"
EndProject
Project("{FAE04EC0-301F-11D3-BF4B-00C04F79EFBC}") = "AccountCase.SecondTask.PlugIns", "AccountCase.SecondTask.PlugIns\AccountCase.SecondTask.PlugIns.csproj", "{614E7230-B55A-44F6-8FB8-FEE84BD213E5}"
EndProject
Global
	GlobalSection(SolutionConfigurationPlatforms) = preSolution
		Debug|Any CPU = Debug|Any CPU
		Release|Any CPU = Release|Any CPU
	EndGlobalSection
	GlobalSection(ProjectConfigurationPlatforms) = postSolution
		{A49060F6-6A44-4045-8B67-25E0403FC5B9}.Debug|Any CPU.ActiveCfg = Debug|Any CPU
		{A49060F6-6A44-4045-8B67-25E0403FC5B9}.Debug|Any CPU.Build.0 = Debug|Any CPU
		{A49060F6-6A44-4045-8B67-25E0403FC5B9}.Release|Any CPU.ActiveCfg = Release|Any CPU
		{A49060F6-6A44-4045-8B67-25E0403FC5B9}.Release|Any CPU.Build.0 = Release|Any CPU
		{614E7230-B55A-44F6-8FB8-FEE84BD213E5}.Debug|Any CPU.ActiveCfg = Debug|Any CPU
		{614E7230-B55A-44F6-8FB8-FEE84BD213E5}.Debug|Any CPU.Build.0 = Debug|Any CPU
		{614E7230-B55A-44F6-8FB8-FEE84BD213E5}.Release|Any CPU.ActiveCfg = Release|Any CPU
		{614E7230-B55A-44F6-8FB8-FEE84BD213E5}.Release|Any CPU.Build.0 = Release|Any CPU
	EndGlobalSection
	GlobalSection(SolutionProperties) = preSolution
		HideSolutionNode = FALSE
	EndGlobalSection
	GlobalSection(ExtensibilityGlobals) = postSolution
		SolutionGuid = {2C4BA77A-BF4F-4A5F-BB94-906D6A329D67}
	EndGlobalSection
EndGlobal
