
Microsoft Visual Studio Solution File, Format Version 12.00
# Visual Studio 15
VisualStudioVersion = 15.0.28307.705
MinimumVisualStudioVersion = 10.0.40219.1
Project("{FAE04EC0-301F-11D3-BF4B-00C04F79EFBC}") = "ScheduldTaskTraining", "ScheduldTaskTraining\ScheduldTaskTraining.csproj", "{6321DA67-2F3D-424B-B6BE-3F610FD6EAAC}"
EndProject
Global
	GlobalSection(SolutionConfigurationPlatforms) = preSolution
		Debug|Any CPU = Debug|Any CPU
		Release|Any CPU = Release|Any CPU
	EndGlobalSection
	GlobalSection(ProjectConfigurationPlatforms) = postSolution
		{6321DA67-2F3D-424B-B6BE-3F610FD6EAAC}.Debug|Any CPU.ActiveCfg = Debug|Any CPU
		{6321DA67-2F3D-424B-B6BE-3F610FD6EAAC}.Debug|Any CPU.Build.0 = Debug|Any CPU
		{6321DA67-2F3D-424B-B6BE-3F610FD6EAAC}.Release|Any CPU.ActiveCfg = Release|Any CPU
		{6321DA67-2F3D-424B-B6BE-3F610FD6EAAC}.Release|Any CPU.Build.0 = Release|Any CPU
	EndGlobalSection
	GlobalSection(SolutionProperties) = preSolution
		HideSolutionNode = FALSE
	EndGlobalSection
	GlobalSection(ExtensibilityGlobals) = postSolution
		SolutionGuid = {5AB8EA7F-A994-4931-A8D2-43A6371F145C}
	EndGlobalSection
EndGlobal
